
Microsoft Visual Studio Solution File, Format Version 12.00
# Visual Studio Version 16
VisualStudioVersion = 16.0.30907.101
MinimumVisualStudioVersion = 10.0.40219.1
Project("{FAE04EC0-301F-11D3-BF4B-00C04F79EFBC}") = "MyDictionary", "MyDictionary\MyDictionary.csproj", "{AEADC02B-4B42-48CD-8A5D-7A0FB0EE3EFA}"
EndProject
Global
	GlobalSection(SolutionConfigurationPlatforms) = preSolution
		Debug|Any CPU = Debug|Any CPU
		Release|Any CPU = Release|Any CPU
	EndGlobalSection
	GlobalSection(ProjectConfigurationPlatforms) = postSolution
		{AEADC02B-4B42-48CD-8A5D-7A0FB0EE3EFA}.Debug|Any CPU.ActiveCfg = Debug|Any CPU
		{AEADC02B-4B42-48CD-8A5D-7A0FB0EE3EFA}.Debug|Any CPU.Build.0 = Debug|Any CPU
		{AEADC02B-4B42-48CD-8A5D-7A0FB0EE3EFA}.Release|Any CPU.ActiveCfg = Release|Any CPU
		{AEADC02B-4B42-48CD-8A5D-7A0FB0EE3EFA}.Release|Any CPU.Build.0 = Release|Any CPU
	EndGlobalSection
	GlobalSection(SolutionProperties) = preSolution
		HideSolutionNode = FALSE
	EndGlobalSection
	GlobalSection(ExtensibilityGlobals) = postSolution
		SolutionGuid = {2C7E0EEB-10DE-407C-866F-E96B60C338FF}
	EndGlobalSection
EndGlobal
